// !$*UTF8*$!
{
	archiveVersion = 1;
	classes = {
	};
	objectVersion = 56;
	objects = {

/* Begin PBXBuildFile section */
		8C69758B2ABB521600D5F3B5 /* EBirdService.swift in Sources */ = {isa = PBXBuildFile; fileRef = 8C69758A2ABB521600D5F3B5 /* EBirdService.swift */; };
		8C69758D2ABB539400D5F3B5 /* LocationService.swift in Sources */ = {isa = PBXBuildFile; fileRef = 8C69758C2ABB539400D5F3B5 /* LocationService.swift */; };
		8C69758F2ABB55EC00D5F3B5 /* ServiceContainer.swift in Sources */ = {isa = PBXBuildFile; fileRef = 8C69758E2ABB55EC00D5F3B5 /* ServiceContainer.swift */; };
		8C6975912ABB595400D5F3B5 /* HomeScreenViewModel.swift in Sources */ = {isa = PBXBuildFile; fileRef = 8C6975902ABB595400D5F3B5 /* HomeScreenViewModel.swift */; };
		8C6975942ABB5C1800D5F3B5 /* IdentifiedCollections in Frameworks */ = {isa = PBXBuildFile; productRef = 8C6975932ABB5C1800D5F3B5 /* IdentifiedCollections */; };
		8C6975962ABB5FFF00D5F3B5 /* NotificationNames.swift in Sources */ = {isa = PBXBuildFile; fileRef = 8C6975952ABB5FFF00D5F3B5 /* NotificationNames.swift */; };
		8CE9F4B92AB0D17F006DCD54 /* AppDelegate.swift in Sources */ = {isa = PBXBuildFile; fileRef = 8CE9F4B82AB0D17F006DCD54 /* AppDelegate.swift */; };
		8CE9F4BB2AB0D17F006DCD54 /* SceneDelegate.swift in Sources */ = {isa = PBXBuildFile; fileRef = 8CE9F4BA2AB0D17F006DCD54 /* SceneDelegate.swift */; };
		8CE9F4BD2AB0D17F006DCD54 /* HomeScreenController.swift in Sources */ = {isa = PBXBuildFile; fileRef = 8CE9F4BC2AB0D17F006DCD54 /* HomeScreenController.swift */; };
		8CE9F4C02AB0D17F006DCD54 /* Main.storyboard in Resources */ = {isa = PBXBuildFile; fileRef = 8CE9F4BE2AB0D17F006DCD54 /* Main.storyboard */; };
		8CE9F4C32AB0D17F006DCD54 /* Birding_Local.xcdatamodeld in Sources */ = {isa = PBXBuildFile; fileRef = 8CE9F4C12AB0D17F006DCD54 /* Birding_Local.xcdatamodeld */; };
		8CE9F4C52AB0D180006DCD54 /* Assets.xcassets in Resources */ = {isa = PBXBuildFile; fileRef = 8CE9F4C42AB0D180006DCD54 /* Assets.xcassets */; };
		8CE9F4C82AB0D180006DCD54 /* LaunchScreen.storyboard in Resources */ = {isa = PBXBuildFile; fileRef = 8CE9F4C62AB0D180006DCD54 /* LaunchScreen.storyboard */; };
/* End PBXBuildFile section */

/* Begin PBXFileReference section */
		8C69758A2ABB521600D5F3B5 /* EBirdService.swift */ = {isa = PBXFileReference; lastKnownFileType = sourcecode.swift; path = EBirdService.swift; sourceTree = "<group>"; };
		8C69758C2ABB539400D5F3B5 /* LocationService.swift */ = {isa = PBXFileReference; lastKnownFileType = sourcecode.swift; path = LocationService.swift; sourceTree = "<group>"; };
		8C69758E2ABB55EC00D5F3B5 /* ServiceContainer.swift */ = {isa = PBXFileReference; lastKnownFileType = sourcecode.swift; path = ServiceContainer.swift; sourceTree = "<group>"; };
		8C6975902ABB595400D5F3B5 /* HomeScreenViewModel.swift */ = {isa = PBXFileReference; lastKnownFileType = sourcecode.swift; path = HomeScreenViewModel.swift; sourceTree = "<group>"; };
		8C6975952ABB5FFF00D5F3B5 /* NotificationNames.swift */ = {isa = PBXFileReference; lastKnownFileType = sourcecode.swift; path = NotificationNames.swift; sourceTree = "<group>"; };
		8CE9F4B52AB0D17F006DCD54 /* Birding Local.app */ = {isa = PBXFileReference; explicitFileType = wrapper.application; includeInIndex = 0; path = "Birding Local.app"; sourceTree = BUILT_PRODUCTS_DIR; };
		8CE9F4B82AB0D17F006DCD54 /* AppDelegate.swift */ = {isa = PBXFileReference; lastKnownFileType = sourcecode.swift; path = AppDelegate.swift; sourceTree = "<group>"; };
		8CE9F4BA2AB0D17F006DCD54 /* SceneDelegate.swift */ = {isa = PBXFileReference; lastKnownFileType = sourcecode.swift; path = SceneDelegate.swift; sourceTree = "<group>"; };
		8CE9F4BC2AB0D17F006DCD54 /* HomeScreenController.swift */ = {isa = PBXFileReference; lastKnownFileType = sourcecode.swift; path = HomeScreenController.swift; sourceTree = "<group>"; };
		8CE9F4BF2AB0D17F006DCD54 /* Base */ = {isa = PBXFileReference; lastKnownFileType = file.storyboard; name = Base; path = Base.lproj/Main.storyboard; sourceTree = "<group>"; };
		8CE9F4C22AB0D17F006DCD54 /* Birding_Local.xcdatamodel */ = {isa = PBXFileReference; lastKnownFileType = wrapper.xcdatamodel; path = Birding_Local.xcdatamodel; sourceTree = "<group>"; };
		8CE9F4C42AB0D180006DCD54 /* Assets.xcassets */ = {isa = PBXFileReference; lastKnownFileType = folder.assetcatalog; path = Assets.xcassets; sourceTree = "<group>"; };
		8CE9F4C72AB0D180006DCD54 /* Base */ = {isa = PBXFileReference; lastKnownFileType = file.storyboard; name = Base; path = Base.lproj/LaunchScreen.storyboard; sourceTree = "<group>"; };
		8CE9F4C92AB0D180006DCD54 /* Info.plist */ = {isa = PBXFileReference; lastKnownFileType = text.plist.xml; path = Info.plist; sourceTree = "<group>"; };
/* End PBXFileReference section */

/* Begin PBXFrameworksBuildPhase section */
		8CE9F4B22AB0D17F006DCD54 /* Frameworks */ = {
			isa = PBXFrameworksBuildPhase;
			buildActionMask = 2147483647;
			files = (
				8C6975942ABB5C1800D5F3B5 /* IdentifiedCollections in Frameworks */,
			);
			runOnlyForDeploymentPostprocessing = 0;
		};
/* End PBXFrameworksBuildPhase section */

/* Begin PBXGroup section */
		8C6975852ABB4E1900D5F3B5 /* Services */ = {
			isa = PBXGroup;
			children = (
				8C69758A2ABB521600D5F3B5 /* EBirdService.swift */,
				8C69758C2ABB539400D5F3B5 /* LocationService.swift */,
				8C69758E2ABB55EC00D5F3B5 /* ServiceContainer.swift */,
			);
			path = Services;
			sourceTree = "<group>";
		};
		8C6975862ABB4E2600D5F3B5 /* Models */ = {
			isa = PBXGroup;
			children = (
				8CE9F4C12AB0D17F006DCD54 /* Birding_Local.xcdatamodeld */,
			);
			path = Models;
			sourceTree = "<group>";
		};
		8C6975872ABB4E4200D5F3B5 /* Home */ = {
			isa = PBXGroup;
			children = (
				8CE9F4BC2AB0D17F006DCD54 /* HomeScreenController.swift */,
				8C6975902ABB595400D5F3B5 /* HomeScreenViewModel.swift */,
			);
			path = Home;
			sourceTree = "<group>";
		};
		8C6975882ABB4E7300D5F3B5 /* Storyboards */ = {
			isa = PBXGroup;
			children = (
				8CE9F4BE2AB0D17F006DCD54 /* Main.storyboard */,
				8CE9F4C62AB0D180006DCD54 /* LaunchScreen.storyboard */,
			);
			path = Storyboards;
			sourceTree = "<group>";
		};
		8C6975892ABB4E9300D5F3B5 /* Resources */ = {
			isa = PBXGroup;
			children = (
				8C6975952ABB5FFF00D5F3B5 /* NotificationNames.swift */,
			);
			path = Resources;
			sourceTree = "<group>";
		};
		8CE9F4AC2AB0D17F006DCD54 = {
			isa = PBXGroup;
			children = (
				8CE9F4B72AB0D17F006DCD54 /* Birding Local */,
				8CE9F4B62AB0D17F006DCD54 /* Products */,
			);
			sourceTree = "<group>";
		};
		8CE9F4B62AB0D17F006DCD54 /* Products */ = {
			isa = PBXGroup;
			children = (
				8CE9F4B52AB0D17F006DCD54 /* Birding Local.app */,
			);
			name = Products;
			sourceTree = "<group>";
		};
		8CE9F4B72AB0D17F006DCD54 /* Birding Local */ = {
			isa = PBXGroup;
			children = (
				8CE9F4C42AB0D180006DCD54 /* Assets.xcassets */,
				8CE9F4C92AB0D180006DCD54 /* Info.plist */,
				8CE9F4B82AB0D17F006DCD54 /* AppDelegate.swift */,
				8CE9F4BA2AB0D17F006DCD54 /* SceneDelegate.swift */,
				8C6975892ABB4E9300D5F3B5 /* Resources */,
				8C6975872ABB4E4200D5F3B5 /* Home */,
				8C6975862ABB4E2600D5F3B5 /* Models */,
				8C6975852ABB4E1900D5F3B5 /* Services */,
				8C6975882ABB4E7300D5F3B5 /* Storyboards */,
			);
			path = "Birding Local";
			sourceTree = "<group>";
		};
/* End PBXGroup section */

/* Begin PBXNativeTarget section */
		8CE9F4B42AB0D17F006DCD54 /* Birding Local */ = {
			isa = PBXNativeTarget;
			buildConfigurationList = 8CE9F4CC2AB0D180006DCD54 /* Build configuration list for PBXNativeTarget "Birding Local" */;
			buildPhases = (
				8CE9F4B12AB0D17F006DCD54 /* Sources */,
				8CE9F4B22AB0D17F006DCD54 /* Frameworks */,
				8CE9F4B32AB0D17F006DCD54 /* Resources */,
			);
			buildRules = (
			);
			dependencies = (
			);
			name = "Birding Local";
			packageProductDependencies = (
				8C6975932ABB5C1800D5F3B5 /* IdentifiedCollections */,
			);
			productName = "Birding Local";
			productReference = 8CE9F4B52AB0D17F006DCD54 /* Birding Local.app */;
			productType = "com.apple.product-type.application";
		};
/* End PBXNativeTarget section */

/* Begin PBXProject section */
		8CE9F4AD2AB0D17F006DCD54 /* Project object */ = {
			isa = PBXProject;
			attributes = {
				BuildIndependentTargetsInParallel = 1;
				LastSwiftUpdateCheck = 1430;
				LastUpgradeCheck = 1430;
				TargetAttributes = {
					8CE9F4B42AB0D17F006DCD54 = {
						CreatedOnToolsVersion = 14.3.1;
					};
				};
			};
			buildConfigurationList = 8CE9F4B02AB0D17F006DCD54 /* Build configuration list for PBXProject "Birding Local" */;
			compatibilityVersion = "Xcode 14.0";
			developmentRegion = en;
			hasScannedForEncodings = 0;
			knownRegions = (
				en,
				Base,
			);
			mainGroup = 8CE9F4AC2AB0D17F006DCD54;
			packageReferences = (
				8C6975922ABB5C1700D5F3B5 /* XCRemoteSwiftPackageReference "swift-identified-collections" */,
			);
			productRefGroup = 8CE9F4B62AB0D17F006DCD54 /* Products */;
			projectDirPath = "";
			projectRoot = "";
			targets = (
				8CE9F4B42AB0D17F006DCD54 /* Birding Local */,
			);
		};
/* End PBXProject section */

/* Begin PBXResourcesBuildPhase section */
		8CE9F4B32AB0D17F006DCD54 /* Resources */ = {
			isa = PBXResourcesBuildPhase;
			buildActionMask = 2147483647;
			files = (
				8CE9F4C82AB0D180006DCD54 /* LaunchScreen.storyboard in Resources */,
				8CE9F4C52AB0D180006DCD54 /* Assets.xcassets in Resources */,
				8CE9F4C02AB0D17F006DCD54 /* Main.storyboard in Resources */,
			);
			runOnlyForDeploymentPostprocessing = 0;
		};
/* End PBXResourcesBuildPhase section */

/* Begin PBXSourcesBuildPhase section */
		8CE9F4B12AB0D17F006DCD54 /* Sources */ = {
			isa = PBXSourcesBuildPhase;
			buildActionMask = 2147483647;
			files = (
				8CE9F4BD2AB0D17F006DCD54 /* HomeScreenController.swift in Sources */,
				8C6975912ABB595400D5F3B5 /* HomeScreenViewModel.swift in Sources */,
				8CE9F4B92AB0D17F006DCD54 /* AppDelegate.swift in Sources */,
				8C69758F2ABB55EC00D5F3B5 /* ServiceContainer.swift in Sources */,
				8C6975962ABB5FFF00D5F3B5 /* NotificationNames.swift in Sources */,
				8CE9F4BB2AB0D17F006DCD54 /* SceneDelegate.swift in Sources */,
				8CE9F4C32AB0D17F006DCD54 /* Birding_Local.xcdatamodeld in Sources */,
				8C69758D2ABB539400D5F3B5 /* LocationService.swift in Sources */,
				8C69758B2ABB521600D5F3B5 /* EBirdService.swift in Sources */,
			);
			runOnlyForDeploymentPostprocessing = 0;
		};
/* End PBXSourcesBuildPhase section */

/* Begin PBXVariantGroup section */
		8CE9F4BE2AB0D17F006DCD54 /* Main.storyboard */ = {
			isa = PBXVariantGroup;
			children = (
				8CE9F4BF2AB0D17F006DCD54 /* Base */,
			);
			name = Main.storyboard;
			sourceTree = "<group>";
		};
		8CE9F4C62AB0D180006DCD54 /* LaunchScreen.storyboard */ = {
			isa = PBXVariantGroup;
			children = (
				8CE9F4C72AB0D180006DCD54 /* Base */,
			);
			name = LaunchScreen.storyboard;
			sourceTree = "<group>";
		};
/* End PBXVariantGroup section */

/* Begin XCBuildConfiguration section */
		8CE9F4CA2AB0D180006DCD54 /* Debug */ = {
			isa = XCBuildConfiguration;
			buildSettings = {
				ALWAYS_SEARCH_USER_PATHS = NO;
				CLANG_ANALYZER_NONNULL = YES;
				CLANG_ANALYZER_NUMBER_OBJECT_CONVERSION = YES_AGGRESSIVE;
				CLANG_CXX_LANGUAGE_STANDARD = "gnu++20";
				CLANG_ENABLE_MODULES = YES;
				CLANG_ENABLE_OBJC_ARC = YES;
				CLANG_ENABLE_OBJC_WEAK = YES;
				CLANG_WARN_BLOCK_CAPTURE_AUTORELEASING = YES;
				CLANG_WARN_BOOL_CONVERSION = YES;
				CLANG_WARN_COMMA = YES;
				CLANG_WARN_CONSTANT_CONVERSION = YES;
				CLANG_WARN_DEPRECATED_OBJC_IMPLEMENTATIONS = YES;
				CLANG_WARN_DIRECT_OBJC_ISA_USAGE = YES_ERROR;
				CLANG_WARN_DOCUMENTATION_COMMENTS = YES;
				CLANG_WARN_EMPTY_BODY = YES;
				CLANG_WARN_ENUM_CONVERSION = YES;
				CLANG_WARN_INFINITE_RECURSION = YES;
				CLANG_WARN_INT_CONVERSION = YES;
				CLANG_WARN_NON_LITERAL_NULL_CONVERSION = YES;
				CLANG_WARN_OBJC_IMPLICIT_RETAIN_SELF = YES;
				CLANG_WARN_OBJC_LITERAL_CONVERSION = YES;
				CLANG_WARN_OBJC_ROOT_CLASS = YES_ERROR;
				CLANG_WARN_QUOTED_INCLUDE_IN_FRAMEWORK_HEADER = YES;
				CLANG_WARN_RANGE_LOOP_ANALYSIS = YES;
				CLANG_WARN_STRICT_PROTOTYPES = YES;
				CLANG_WARN_SUSPICIOUS_MOVE = YES;
				CLANG_WARN_UNGUARDED_AVAILABILITY = YES_AGGRESSIVE;
				CLANG_WARN_UNREACHABLE_CODE = YES;
				CLANG_WARN__DUPLICATE_METHOD_MATCH = YES;
				COPY_PHASE_STRIP = NO;
				DEBUG_INFORMATION_FORMAT = dwarf;
				ENABLE_STRICT_OBJC_MSGSEND = YES;
				ENABLE_TESTABILITY = YES;
				GCC_C_LANGUAGE_STANDARD = gnu11;
				GCC_DYNAMIC_NO_PIC = NO;
				GCC_NO_COMMON_BLOCKS = YES;
				GCC_OPTIMIZATION_LEVEL = 0;
				GCC_PREPROCESSOR_DEFINITIONS = (
					"DEBUG=1",
					"$(inherited)",
				);
				GCC_WARN_64_TO_32_BIT_CONVERSION = YES;
				GCC_WARN_ABOUT_RETURN_TYPE = YES_ERROR;
				GCC_WARN_UNDECLARED_SELECTOR = YES;
				GCC_WARN_UNINITIALIZED_AUTOS = YES_AGGRESSIVE;
				GCC_WARN_UNUSED_FUNCTION = YES;
				GCC_WARN_UNUSED_VARIABLE = YES;
				IPHONEOS_DEPLOYMENT_TARGET = 16.4;
				MTL_ENABLE_DEBUG_INFO = INCLUDE_SOURCE;
				MTL_FAST_MATH = YES;
				ONLY_ACTIVE_ARCH = YES;
				SDKROOT = iphoneos;
				SWIFT_ACTIVE_COMPILATION_CONDITIONS = DEBUG;
				SWIFT_OPTIMIZATION_LEVEL = "-Onone";
			};
			name = Debug;
		};
		8CE9F4CB2AB0D180006DCD54 /* Release */ = {
			isa = XCBuildConfiguration;
			buildSettings = {
				ALWAYS_SEARCH_USER_PATHS = NO;
				CLANG_ANALYZER_NONNULL = YES;
				CLANG_ANALYZER_NUMBER_OBJECT_CONVERSION = YES_AGGRESSIVE;
				CLANG_CXX_LANGUAGE_STANDARD = "gnu++20";
				CLANG_ENABLE_MODULES = YES;
				CLANG_ENABLE_OBJC_ARC = YES;
				CLANG_ENABLE_OBJC_WEAK = YES;
				CLANG_WARN_BLOCK_CAPTURE_AUTORELEASING = YES;
				CLANG_WARN_BOOL_CONVERSION = YES;
				CLANG_WARN_COMMA = YES;
				CLANG_WARN_CONSTANT_CONVERSION = YES;
				CLANG_WARN_DEPRECATED_OBJC_IMPLEMENTATIONS = YES;
				CLANG_WARN_DIRECT_OBJC_ISA_USAGE = YES_ERROR;
				CLANG_WARN_DOCUMENTATION_COMMENTS = YES;
				CLANG_WARN_EMPTY_BODY = YES;
				CLANG_WARN_ENUM_CONVERSION = YES;
				CLANG_WARN_INFINITE_RECURSION = YES;
				CLANG_WARN_INT_CONVERSION = YES;
				CLANG_WARN_NON_LITERAL_NULL_CONVERSION = YES;
				CLANG_WARN_OBJC_IMPLICIT_RETAIN_SELF = YES;
				CLANG_WARN_OBJC_LITERAL_CONVERSION = YES;
				CLANG_WARN_OBJC_ROOT_CLASS = YES_ERROR;
				CLANG_WARN_QUOTED_INCLUDE_IN_FRAMEWORK_HEADER = YES;
				CLANG_WARN_RANGE_LOOP_ANALYSIS = YES;
				CLANG_WARN_STRICT_PROTOTYPES = YES;
				CLANG_WARN_SUSPICIOUS_MOVE = YES;
				CLANG_WARN_UNGUARDED_AVAILABILITY = YES_AGGRESSIVE;
				CLANG_WARN_UNREACHABLE_CODE = YES;
				CLANG_WARN__DUPLICATE_METHOD_MATCH = YES;
				COPY_PHASE_STRIP = NO;
				DEBUG_INFORMATION_FORMAT = "dwarf-with-dsym";
				ENABLE_NS_ASSERTIONS = NO;
				ENABLE_STRICT_OBJC_MSGSEND = YES;
				GCC_C_LANGUAGE_STANDARD = gnu11;
				GCC_NO_COMMON_BLOCKS = YES;
				GCC_WARN_64_TO_32_BIT_CONVERSION = YES;
				GCC_WARN_ABOUT_RETURN_TYPE = YES_ERROR;
				GCC_WARN_UNDECLARED_SELECTOR = YES;
				GCC_WARN_UNINITIALIZED_AUTOS = YES_AGGRESSIVE;
				GCC_WARN_UNUSED_FUNCTION = YES;
				GCC_WARN_UNUSED_VARIABLE = YES;
				IPHONEOS_DEPLOYMENT_TARGET = 16.4;
				MTL_ENABLE_DEBUG_INFO = NO;
				MTL_FAST_MATH = YES;
				SDKROOT = iphoneos;
				SWIFT_COMPILATION_MODE = wholemodule;
				SWIFT_OPTIMIZATION_LEVEL = "-O";
				VALIDATE_PRODUCT = YES;
			};
			name = Release;
		};
		8CE9F4CD2AB0D180006DCD54 /* Debug */ = {
			isa = XCBuildConfiguration;
			buildSettings = {
				ASSETCATALOG_COMPILER_APPICON_NAME = AppIcon;
				ASSETCATALOG_COMPILER_GLOBAL_ACCENT_COLOR_NAME = AccentColor;
				CODE_SIGN_STYLE = Automatic;
				CURRENT_PROJECT_VERSION = 1;
				DEVELOPMENT_TEAM = S7MW4WDQQA;
				GENERATE_INFOPLIST_FILE = YES;
				INFOPLIST_FILE = "Birding Local/Info.plist";
				INFOPLIST_KEY_UIApplicationSupportsIndirectInputEvents = YES;
				INFOPLIST_KEY_UILaunchStoryboardName = LaunchScreen;
				INFOPLIST_KEY_UIMainStoryboardFile = Main;
				INFOPLIST_KEY_UISupportedInterfaceOrientations_iPad = "UIInterfaceOrientationPortrait UIInterfaceOrientationPortraitUpsideDown UIInterfaceOrientationLandscapeLeft UIInterfaceOrientationLandscapeRight";
				INFOPLIST_KEY_UISupportedInterfaceOrientations_iPhone = "UIInterfaceOrientationPortrait UIInterfaceOrientationLandscapeLeft UIInterfaceOrientationLandscapeRight";
				LD_RUNPATH_SEARCH_PATHS = (
					"$(inherited)",
					"@executable_path/Frameworks",
				);
				MARKETING_VERSION = 1.0;
				PRODUCT_BUNDLE_IDENTIFIER = "Kenny-Barone.Birding-Local";
				PRODUCT_NAME = "$(TARGET_NAME)";
				SWIFT_EMIT_LOC_STRINGS = YES;
				SWIFT_VERSION = 5.0;
				TARGETED_DEVICE_FAMILY = "1,2";
			};
			name = Debug;
		};
		8CE9F4CE2AB0D180006DCD54 /* Release */ = {
			isa = XCBuildConfiguration;
			buildSettings = {
				ASSETCATALOG_COMPILER_APPICON_NAME = AppIcon;
				ASSETCATALOG_COMPILER_GLOBAL_ACCENT_COLOR_NAME = AccentColor;
				CODE_SIGN_STYLE = Automatic;
				CURRENT_PROJECT_VERSION = 1;
				DEVELOPMENT_TEAM = S7MW4WDQQA;
				GENERATE_INFOPLIST_FILE = YES;
				INFOPLIST_FILE = "Birding Local/Info.plist";
				INFOPLIST_KEY_UIApplicationSupportsIndirectInputEvents = YES;
				INFOPLIST_KEY_UILaunchStoryboardName = LaunchScreen;
				INFOPLIST_KEY_UIMainStoryboardFile = Main;
				INFOPLIST_KEY_UISupportedInterfaceOrientations_iPad = "UIInterfaceOrientationPortrait UIInterfaceOrientationPortraitUpsideDown UIInterfaceOrientationLandscapeLeft UIInterfaceOrientationLandscapeRight";
				INFOPLIST_KEY_UISupportedInterfaceOrientations_iPhone = "UIInterfaceOrientationPortrait UIInterfaceOrientationLandscapeLeft UIInterfaceOrientationLandscapeRight";
				LD_RUNPATH_SEARCH_PATHS = (
					"$(inherited)",
					"@executable_path/Frameworks",
				);
				MARKETING_VERSION = 1.0;
				PRODUCT_BUNDLE_IDENTIFIER = "Kenny-Barone.Birding-Local";
				PRODUCT_NAME = "$(TARGET_NAME)";
				SWIFT_EMIT_LOC_STRINGS = YES;
				SWIFT_VERSION = 5.0;
				TARGETED_DEVICE_FAMILY = "1,2";
			};
			name = Release;
		};
/* End XCBuildConfiguration section */

/* Begin XCConfigurationList section */
		8CE9F4B02AB0D17F006DCD54 /* Build configuration list for PBXProject "Birding Local" */ = {
			isa = XCConfigurationList;
			buildConfigurations = (
				8CE9F4CA2AB0D180006DCD54 /* Debug */,
				8CE9F4CB2AB0D180006DCD54 /* Release */,
			);
			defaultConfigurationIsVisible = 0;
			defaultConfigurationName = Release;
		};
		8CE9F4CC2AB0D180006DCD54 /* Build configuration list for PBXNativeTarget "Birding Local" */ = {
			isa = XCConfigurationList;
			buildConfigurations = (
				8CE9F4CD2AB0D180006DCD54 /* Debug */,
				8CE9F4CE2AB0D180006DCD54 /* Release */,
			);
			defaultConfigurationIsVisible = 0;
			defaultConfigurationName = Release;
		};
/* End XCConfigurationList section */

/* Begin XCRemoteSwiftPackageReference section */
		8C6975922ABB5C1700D5F3B5 /* XCRemoteSwiftPackageReference "swift-identified-collections" */ = {
			isa = XCRemoteSwiftPackageReference;
			repositoryURL = "https://github.com/pointfreeco/swift-identified-collections";
			requirement = {
				kind = upToNextMinorVersion;
				minimumVersion = 1.0.0;
			};
		};
/* End XCRemoteSwiftPackageReference section */

/* Begin XCSwiftPackageProductDependency section */
		8C6975932ABB5C1800D5F3B5 /* IdentifiedCollections */ = {
			isa = XCSwiftPackageProductDependency;
			package = 8C6975922ABB5C1700D5F3B5 /* XCRemoteSwiftPackageReference "swift-identified-collections" */;
			productName = IdentifiedCollections;
		};
/* End XCSwiftPackageProductDependency section */

/* Begin XCVersionGroup section */
		8CE9F4C12AB0D17F006DCD54 /* Birding_Local.xcdatamodeld */ = {
			isa = XCVersionGroup;
			children = (
				8CE9F4C22AB0D17F006DCD54 /* Birding_Local.xcdatamodel */,
			);
			currentVersion = 8CE9F4C22AB0D17F006DCD54 /* Birding_Local.xcdatamodel */;
			path = Birding_Local.xcdatamodeld;
			sourceTree = "<group>";
			versionGroupType = wrapper.xcdatamodel;
		};
/* End XCVersionGroup section */
	};
	rootObject = 8CE9F4AD2AB0D17F006DCD54 /* Project object */;
}
